Microsoft Visual Studio Solution File, Format Version 11.00
# Visual Studio 2008

Project("{8627A324-38D0-59B3-E83A-DEBB9EF5F327}") = "Mega HOT gachimuchi idle spanker", "Assembly-CSharp.csproj", "{473A0073-A008-627A-3729-0F06A6221E8F}"
EndProject
Global
	GlobalSection(SolutionConfigurationPlatforms) = preSolution
		Debug|Any CPU = Debug|Any CPU
		Release|Any CPU = Release|Any CPU
	EndGlobalSection
	GlobalSection(ProjectConfigurationPlatforms) = postSolution
		{473A0073-A008-627A-3729-0F06A6221E8F}.Debug|Any CPU.ActiveCfg = Debug|Any CPU
		{473A0073-A008-627A-3729-0F06A6221E8F}.Debug|Any CPU.Build.0 = Debug|Any CPU
		{473A0073-A008-627A-3729-0F06A6221E8F}.Release|Any CPU.ActiveCfg = Release|Any CPU
		{473A0073-A008-627A-3729-0F06A6221E8F}.Release|Any CPU.Build.0 = Release|Any CPU
	EndGlobalSection
	GlobalSection(SolutionProperties) = preSolution
		HideSolutionNode = FALSE
	EndGlobalSection
	GlobalSection(MonoDevelopProperties) = preSolution
		StartupItem = Assembly-CSharp.csproj
	EndGlobalSection
EndGlobal
